# This file was autogenerated by Stack.
# You should not edit this file by hand.
# For more information, please see the documentation at:
#   https://docs.haskellstack.org/en/stable/lock_files

packages:
- completed:
    hackage: csp-1.4.0@sha256:051beb4864f737ea42377918e0c13a7aef4ee5c6f4f39993cc224f6f5bbf470d,1062
    pantry-tree:
      size: 316
      sha256: e7d98f480c29fb5f2bd810083d26891e36b0eb620f2ae3e5ecca60d7e0ff4f35
  original:
    hackage: csp-1.4.0
snapshots:
- completed:
    size: 533252
    url: https://raw.githubusercontent.com/commercialhaskell/stackage-snapshots/master/lts/16/27.yaml
    sha256: c2aaae52beeacf6a5727c1010f50e89d03869abfab6d2c2658ade9da8ed50c73
  original:
    url: https://raw.githubusercontent.com/commercialhaskell/stackage-snapshots/master/lts/16/27.yaml
